<Solution Description="Visual Studio slnx file generated by Premake" Version="1.4">
  <Configurations>
    <BuildType Name="Debug" />
    <BuildType Name="Release" />
    <Platform Name="x64" />
  </Configurations>
  <Project Path="ToyEngine\ToyEngine.vcxproj" Id="D766B8A6-43D1-6C1D-8C0F-1EC3F8B84A72" DefaultStartup="true">
  </Project>
</Solution>