<?xml version="1.0" encoding="utf-8"?>
<Project ToolsVersion="4.0" xmlns="http://schemas.microsoft.com/developer/msbuild/2003">
  <ItemGroup>
    <Filter Include="src">
      <UniqueIdentifier>{2DAB880B-99B4-887C-2230-9F7C8E38947C}</UniqueIdentifier>
    </Filter>
    <Filter Include="src\A3">
      <UniqueIdentifier>{9048661C-7CEA-90F2-65A5-A44651E61743}</UniqueIdentifier>
    </Filter>
    <Filter Include="vendor">
      <UniqueIdentifier>{B3738122-9F15-ACF8-88D0-BF4C74113349}</UniqueIdentifier>
    </Filter>
    <Filter Include="vendor\imgui">
      <UniqueIdentifier>{5D3BD0F0-499E-5F95-F223-984BDE652B18}</UniqueIdentifier>
    </Filter>
  </ItemGroup>
  <ItemGroup>
    <ClInclude Include="src\A3\Action.h">
      <Filter>src\A3</Filter>
    </ClInclude>
    <ClInclude Include="src\A3\Animation.h">
      <Filter>src\A3</Filter>
    </ClInclude>
    <ClInclude Include="src\A3\Assets.h">
      <Filter>src\A3</Filter>
    </ClInclude>
    <ClInclude Include="src\A3\Components.h">
      <Filter>src\A3</Filter>
    </ClInclude>
    <ClInclude Include="src\A3\Entity.h">
      <Filter>src\A3</Filter>
    </ClInclude>
    <ClInclude Include="src\A3\EntityManager.h">
      <Filter>src\A3</Filter>
    </ClInclude>
    <ClInclude Include="src\A3\GameEngine.h">
      <Filter>src\A3</Filter>
    </ClInclude>
    <ClInclude Include="src\A3\Physics.h">
      <Filter>src\A3</Filter>
    </ClInclude>
    <ClInclude Include="src\A3\Scene.h">
      <Filter>src\A3</Filter>
    </ClInclude>
    <ClInclude Include="src\A3\Scene_Menu.h">
      <Filter>src\A3</Filter>
    </ClInclude>
    <ClInclude Include="src\A3\Scene_Play.h">
      <Filter>src\A3</Filter>
    </ClInclude>
    <ClInclude Include="src\A3\vec2.h">
      <Filter>src\A3</Filter>
    </ClInclude>
    <ClInclude Include="vendor\imgui\imconfig-SFML.h">
      <Filter>vendor\imgui</Filter>
    </ClInclude>
    <ClInclude Include="vendor\imgui\imconfig.h">
      <Filter>vendor\imgui</Filter>
    </ClInclude>
    <ClInclude Include="vendor\imgui\imgui-SFML.h">
      <Filter>vendor\imgui</Filter>
    </ClInclude>
    <ClInclude Include="vendor\imgui\imgui-SFML_export.h">
      <Filter>vendor\imgui</Filter>
    </ClInclude>
    <ClInclude Include="vendor\imgui\imgui.h">
      <Filter>vendor\imgui</Filter>
    </ClInclude>
    <ClInclude Include="vendor\imgui\imgui_internal.h">
      <Filter>vendor\imgui</Filter>
    </ClInclude>
    <ClInclude Include="vendor\imgui\imstb_rectpack.h">
      <Filter>vendor\imgui</Filter>
    </ClInclude>
    <ClInclude Include="vendor\imgui\imstb_textedit.h">
      <Filter>vendor\imgui</Filter>
    </ClInclude>
    <ClInclude Include="vendor\imgui\imstb_truetype.h">
      <Filter>vendor\imgui</Filter>
    </ClInclude>
  </ItemGroup>
  <ItemGroup>
    <ClCompile Include="src\A3\Action.cpp">
      <Filter>src\A3</Filter>
    </ClCompile>
    <ClCompile Include="src\A3\Animation.cpp">
      <Filter>src\A3</Filter>
    </ClCompile>
    <ClCompile Include="src\A3\Assets.cpp">
      <Filter>src\A3</Filter>
    </ClCompile>
    <ClCompile Include="src\A3\Entity.cpp">
      <Filter>src\A3</Filter>
    </ClCompile>
    <ClCompile Include="src\A3\EntityManager.cpp">
      <Filter>src\A3</Filter>
    </ClCompile>
    <ClCompile Include="src\A3\GameEngine.cpp">
      <Filter>src\A3</Filter>
    </ClCompile>
    <ClCompile Include="src\A3\Physics.cpp">
      <Filter>src\A3</Filter>
    </ClCompile>
    <ClCompile Include="src\A3\Scene.cpp">
      <Filter>src\A3</Filter>
    </ClCompile>
    <ClCompile Include="src\A3\Scene_Menu.cpp">
      <Filter>src\A3</Filter>
    </ClCompile>
    <ClCompile Include="src\A3\Scene_Play.cpp">
      <Filter>src\A3</Filter>
    </ClCompile>
    <ClCompile Include="src\A3\main.cpp">
      <Filter>src\A3</Filter>
    </ClCompile>
    <ClCompile Include="src\A3\vec2.cpp">
      <Filter>src\A3</Filter>
    </ClCompile>
    <ClCompile Include="src\main.cpp">
      <Filter>src</Filter>
    </ClCompile>
    <ClCompile Include="vendor\imgui\imgui-SFML.cpp">
      <Filter>vendor\imgui</Filter>
    </ClCompile>
    <ClCompile Include="vendor\imgui\imgui.cpp">
      <Filter>vendor\imgui</Filter>
    </ClCompile>
    <ClCompile Include="vendor\imgui\imgui_draw.cpp">
      <Filter>vendor\imgui</Filter>
    </ClCompile>
    <ClCompile Include="vendor\imgui\imgui_tables.cpp">
      <Filter>vendor\imgui</Filter>
    </ClCompile>
    <ClCompile Include="vendor\imgui\imgui_widgets.cpp">
      <Filter>vendor\imgui</Filter>
    </ClCompile>
  </ItemGroup>
</Project>