<?xml version="1.0" encoding="utf-8"?>
<Project ToolsVersion="4.0" xmlns="http://schemas.microsoft.com/developer/msbuild/2003">
  <ItemGroup>
    <Filter Include="src">
      <UniqueIdentifier>{2DAB880B-99B4-887C-2230-9F7C8E38947C}</UniqueIdentifier>
    </Filter>
    <Filter Include="src\Debug">
      <UniqueIdentifier>{63A3C3B2-CF0D-7829-184C-29CF84F5557E}</UniqueIdentifier>
    </Filter>
    <Filter Include="src\Demo">
      <UniqueIdentifier>{E1341DCF-CD01-78DA-F61A-6682E246AD68}</UniqueIdentifier>
    </Filter>
    <Filter Include="src\Entity">
      <UniqueIdentifier>{D9C2390E-C57A-7B5B-2E82-54B71A59164C}</UniqueIdentifier>
    </Filter>
    <Filter Include="src\Render">
      <UniqueIdentifier>{FC94E62B-E84C-2879-5154-01D53D2BC369}</UniqueIdentifier>
    </Filter>
    <Filter Include="src\input">
      <UniqueIdentifier>{0C5966B5-78C3-1A2C-C101-CCD12DABF880}</UniqueIdentifier>
    </Filter>
    <Filter Include="src\scene">
      <UniqueIdentifier>{2A1615B6-9680-C92C-DFBE-7AD24B68A781}</UniqueIdentifier>
    </Filter>
    <Filter Include="src\system">
      <UniqueIdentifier>{C1BD4D7A-AD75-8FC7-167D-682302542AB8}</UniqueIdentifier>
    </Filter>
    <Filter Include="src\utils">
      <UniqueIdentifier>{6DAA42B6-D914-F72C-2253-A8D28EFCD481}</UniqueIdentifier>
    </Filter>
    <Filter Include="vendor">
      <UniqueIdentifier>{B3738122-9F15-ACF8-88D0-BF4C74113349}</UniqueIdentifier>
    </Filter>
    <Filter Include="vendor\imgui">
      <UniqueIdentifier>{5D3BD0F0-499E-5F95-F223-984BDE652B18}</UniqueIdentifier>
    </Filter>
  </ItemGroup>
  <ItemGroup>
    <ClInclude Include="src\Debug\DebugScene.h">
      <Filter>src\Debug</Filter>
    </ClInclude>
    <ClInclude Include="src\Demo\Scene_Menu.h">
      <Filter>src\Demo</Filter>
    </ClInclude>
    <ClInclude Include="src\Demo\Scene_Play.h">
      <Filter>src\Demo</Filter>
    </ClInclude>
    <ClInclude Include="src\Entity\Components.h">
      <Filter>src\Entity</Filter>
    </ClInclude>
    <ClInclude Include="src\Entity\Entity.h">
      <Filter>src\Entity</Filter>
    </ClInclude>
    <ClInclude Include="src\Entity\EntityManager.h">
      <Filter>src\Entity</Filter>
    </ClInclude>
    <ClInclude Include="src\GameEngine.h">
      <Filter>src</Filter>
    </ClInclude>
    <ClInclude Include="src\Render\Render.h">
      <Filter>src\Render</Filter>
    </ClInclude>
    <ClInclude Include="src\core.h">
      <Filter>src</Filter>
    </ClInclude>
    <ClInclude Include="src\input\Action.h">
      <Filter>src\input</Filter>
    </ClInclude>
    <ClInclude Include="src\input\Assets.h">
      <Filter>src\input</Filter>
    </ClInclude>
    <ClInclude Include="src\scene\Scene.h">
      <Filter>src\scene</Filter>
    </ClInclude>
    <ClInclude Include="src\system\Animation.h">
      <Filter>src\system</Filter>
    </ClInclude>
    <ClInclude Include="src\system\Physics.h">
      <Filter>src\system</Filter>
    </ClInclude>
    <ClInclude Include="src\utils\Shape.h">
      <Filter>src\utils</Filter>
    </ClInclude>
    <ClInclude Include="src\utils\vec2.h">
      <Filter>src\utils</Filter>
    </ClInclude>
    <ClInclude Include="vendor\imgui\imconfig-SFML.h">
      <Filter>vendor\imgui</Filter>
    </ClInclude>
    <ClInclude Include="vendor\imgui\imconfig.h">
      <Filter>vendor\imgui</Filter>
    </ClInclude>
    <ClInclude Include="vendor\imgui\imgui-SFML.h">
      <Filter>vendor\imgui</Filter>
    </ClInclude>
    <ClInclude Include="vendor\imgui\imgui-SFML_export.h">
      <Filter>vendor\imgui</Filter>
    </ClInclude>
    <ClInclude Include="vendor\imgui\imgui.h">
      <Filter>vendor\imgui</Filter>
    </ClInclude>
    <ClInclude Include="vendor\imgui\imgui_internal.h">
      <Filter>vendor\imgui</Filter>
    </ClInclude>
    <ClInclude Include="vendor\imgui\imstb_rectpack.h">
      <Filter>vendor\imgui</Filter>
    </ClInclude>
    <ClInclude Include="vendor\imgui\imstb_textedit.h">
      <Filter>vendor\imgui</Filter>
    </ClInclude>
    <ClInclude Include="vendor\imgui\imstb_truetype.h">
      <Filter>vendor\imgui</Filter>
    </ClInclude>
  </ItemGroup>
  <ItemGroup>
    <ClCompile Include="src\Demo\Scene_Menu.cpp">
      <Filter>src\Demo</Filter>
    </ClCompile>
    <ClCompile Include="src\Demo\Scene_Play.cpp">
      <Filter>src\Demo</Filter>
    </ClCompile>
    <ClCompile Include="src\Entity\Entity.cpp">
      <Filter>src\Entity</Filter>
    </ClCompile>
    <ClCompile Include="src\Entity\EntityManager.cpp">
      <Filter>src\Entity</Filter>
    </ClCompile>
    <ClCompile Include="src\GameEngine.cpp">
      <Filter>src</Filter>
    </ClCompile>
    <ClCompile Include="src\Render\Render.cpp">
      <Filter>src\Render</Filter>
    </ClCompile>
    <ClCompile Include="src\input\Action.cpp">
      <Filter>src\input</Filter>
    </ClCompile>
    <ClCompile Include="src\input\Assets.cpp">
      <Filter>src\input</Filter>
    </ClCompile>
    <ClCompile Include="src\main.cpp">
      <Filter>src</Filter>
    </ClCompile>
    <ClCompile Include="src\scene\Scene.cpp">
      <Filter>src\scene</Filter>
    </ClCompile>
    <ClCompile Include="src\system\Animation.cpp">
      <Filter>src\system</Filter>
    </ClCompile>
    <ClCompile Include="src\system\Physics.cpp">
      <Filter>src\system</Filter>
    </ClCompile>
    <ClCompile Include="src\utils\Shape.cpp">
      <Filter>src\utils</Filter>
    </ClCompile>
    <ClCompile Include="src\utils\vec2.cpp">
      <Filter>src\utils</Filter>
    </ClCompile>
    <ClCompile Include="vendor\imgui\imgui-SFML.cpp">
      <Filter>vendor\imgui</Filter>
    </ClCompile>
    <ClCompile Include="vendor\imgui\imgui.cpp">
      <Filter>vendor\imgui</Filter>
    </ClCompile>
    <ClCompile Include="vendor\imgui\imgui_draw.cpp">
      <Filter>vendor\imgui</Filter>
    </ClCompile>
    <ClCompile Include="vendor\imgui\imgui_tables.cpp">
      <Filter>vendor\imgui</Filter>
    </ClCompile>
    <ClCompile Include="vendor\imgui\imgui_widgets.cpp">
      <Filter>vendor\imgui</Filter>
    </ClCompile>
  </ItemGroup>
</Project>